Microsoft Visual Studio Solution File, Format Version 12.00
# Visual Studio Version 17
VisualStudioVersion = 17.5.2.0
MinimumVisualStudioVersion = 10.0.40219.1
Project("{FAE04EC0-301F-11D3-BF4B-00C04F79EFBC}") = "api-dotnet", "api-dotnet\api-dotnet.csproj", "{4142A8F5-C7FF-5CD0-327A-9C4289D97CD0}"
EndProject
Global
	GlobalSection(SolutionConfigurationPlatforms) = preSolution
		Debug|Any CPU = Debug|Any CPU
		Release|Any CPU = Release|Any CPU
	EndGlobalSection
	GlobalSection(ProjectConfigurationPlatforms) = postSolution
		{4142A8F5-C7FF-5CD0-327A-9C4289D97CD0}.Debug|Any CPU.ActiveCfg = Debug|Any CPU
		{4142A8F5-C7FF-5CD0-327A-9C4289D97CD0}.Debug|Any CPU.Build.0 = Debug|Any CPU
		{4142A8F5-C7FF-5CD0-327A-9C4289D97CD0}.Release|Any CPU.ActiveCfg = Release|Any CPU
		{4142A8F5-C7FF-5CD0-327A-9C4289D97CD0}.Release|Any CPU.Build.0 = Release|Any CPU
	EndGlobalSection
	GlobalSection(SolutionProperties) = preSolution
		HideSolutionNode = FALSE
	EndGlobalSection
	GlobalSection(ExtensibilityGlobals) = postSolution
		SolutionGuid = {82FA22E6-FC7B-4813-BAE9-848519ED1DEE}
	EndGlobalSection
EndGlobal
